
Microsoft Visual Studio Solution File, Format Version 12.00
# Visual Studio Version 16
VisualStudioVersion = 16.0.29020.237
MinimumVisualStudioVersion = 10.0.40219.1
Project("{9A19103F-16F7-4668-BE54-9A1E7A4F7556}") = "WebApiSocialMessages", "WebApiSocialMessages\WebApiSocialMessages.csproj", "{7470C66B-E081-4AE2-B11D-4C5F6F3ECA0E}"
EndProject
Global
	GlobalSection(SolutionConfigurationPlatforms) = preSolution
		Debug|Any CPU = Debug|Any CPU
		Release|Any CPU = Release|Any CPU
	EndGlobalSection
	GlobalSection(ProjectConfigurationPlatforms) = postSolution
		{7470C66B-E081-4AE2-B11D-4C5F6F3ECA0E}.Debug|Any CPU.ActiveCfg = Debug|Any CPU
		{7470C66B-E081-4AE2-B11D-4C5F6F3ECA0E}.Debug|Any CPU.Build.0 = Debug|Any CPU
		{7470C66B-E081-4AE2-B11D-4C5F6F3ECA0E}.Release|Any CPU.ActiveCfg = Release|Any CPU
		{7470C66B-E081-4AE2-B11D-4C5F6F3ECA0E}.Release|Any CPU.Build.0 = Release|Any CPU
	EndGlobalSection
	GlobalSection(SolutionProperties) = preSolution
		HideSolutionNode = FALSE
	EndGlobalSection
	GlobalSection(ExtensibilityGlobals) = postSolution
		SolutionGuid = {3BE4373F-4A62-4609-980C-3B37C2286C2A}
	EndGlobalSection
EndGlobal
